
Microsoft Visual Studio Solution File, Format Version 12.00
# Visual Studio Version 17
VisualStudioVersion = 17.2.32519.379
MinimumVisualStudioVersion = 10.0.40219.1
Project("{8BC9CEB8-8B4A-11D0-8D11-00A0C91BC942}") = "StatkiTheGame", "StatkiTheGame.vcxproj", "{771B0D59-3D72-49BD-9423-CB64E7BC870F}"
EndProject
Global
	GlobalSection(SolutionConfigurationPlatforms) = preSolution
		Debug|x64 = Debug|x64
		Debug|x86 = Debug|x86
		Release|x64 = Release|x64
		Release|x86 = Release|x86
	EndGlobalSection
	GlobalSection(ProjectConfigurationPlatforms) = postSolution
		{771B0D59-3D72-49BD-9423-CB64E7BC870F}.Debug|x64.ActiveCfg = Debug|x64
		{771B0D59-3D72-49BD-9423-CB64E7BC870F}.Debug|x64.Build.0 = Debug|x64
		{771B0D59-3D72-49BD-9423-CB64E7BC870F}.Debug|x86.ActiveCfg = Debug|Win32
		{771B0D59-3D72-49BD-9423-CB64E7BC870F}.Debug|x86.Build.0 = Debug|Win32
		{771B0D59-3D72-49BD-9423-CB64E7BC870F}.Release|x64.ActiveCfg = Release|x64
		{771B0D59-3D72-49BD-9423-CB64E7BC870F}.Release|x64.Build.0 = Release|x64
		{771B0D59-3D72-49BD-9423-CB64E7BC870F}.Release|x86.ActiveCfg = Release|Win32
		{771B0D59-3D72-49BD-9423-CB64E7BC870F}.Release|x86.Build.0 = Release|Win32
	EndGlobalSection
	GlobalSection(SolutionProperties) = preSolution
		HideSolutionNode = FALSE
	EndGlobalSection
	GlobalSection(ExtensibilityGlobals) = postSolution
		SolutionGuid = {1F09EAA1-9F0D-489C-8654-E60E7122C444}
	EndGlobalSection
EndGlobal
